<?xml version="1.0" encoding="utf-8"?>
<Project ToolsVersion="4.0" xmlns="http://schemas.microsoft.com/developer/msbuild/2003">
  <ItemGroup>
    <Filter Include="Source Files">
      <UniqueIdentifier>{4FC737F1-C7A5-4376-A066-2A32D752A2FF}</UniqueIdentifier>
      <Extensions>cpp;c;cc;cxx;def;odl;idl;hpj;bat;asm;asmx</Extensions>
    </Filter>
    <Filter Include="Header Files">
      <UniqueIdentifier>{93995380-89BD-4b04-88EB-625FBE52EBFB}</UniqueIdentifier>
      <Extensions>h;hpp;hxx;hm;inl;inc;xsd</Extensions>
    </Filter>
    <Filter Include="clw">
      <UniqueIdentifier>{c4ce6b23-2332-4465-a91d-de586d497410}</UniqueIdentifier>
    </Filter>
    <Filter Include="Other files">
      <UniqueIdentifier>{8cdb006d-ae13-42d6-b723-3794f2cf58be}</UniqueIdentifier>
    </Filter>
  </ItemGroup>
  <ItemGroup>
    <ClCompile Include="main.cpp">
      <Filter>Source Files</Filter>
    </ClCompile>
    <ClCompile Include="Precompiled.cpp">
      <Filter>Source Files</Filter>
    </ClCompile>
    <ClCompile Include="QPCTimer.cpp">
      <Filter>Source Files</Filter>
    </ClCompile>
    <ClCompile Include="MixtureOfGaussianCPU.cpp">
      <Filter>Source Files</Filter>
    </ClCompile>
    <ClCompile Include="clw\clw\Buffer.cpp">
      <Filter>clw</Filter>
    </ClCompile>
    <ClCompile Include="clw\clw\CommandQueue.cpp">
      <Filter>clw</Filter>
    </ClCompile>
    <ClCompile Include="clw\clw\Context.cpp">
      <Filter>clw</Filter>
    </ClCompile>
    <ClCompile Include="clw\clw\details.cpp">
      <Filter>clw</Filter>
    </ClCompile>
    <ClCompile Include="clw\clw\Device.cpp">
      <Filter>clw</Filter>
    </ClCompile>
    <ClCompile Include="clw\clw\Event.cpp">
      <Filter>clw</Filter>
    </ClCompile>
    <ClCompile Include="clw\clw\Image.cpp">
      <Filter>clw</Filter>
    </ClCompile>
    <ClCompile Include="clw\clw\Kernel.cpp">
      <Filter>clw</Filter>
    </ClCompile>
    <ClCompile Include="clw\clw\MemoryObject.cpp">
      <Filter>clw</Filter>
    </ClCompile>
    <ClCompile Include="clw\clw\NDRange.cpp">
      <Filter>clw</Filter>
    </ClCompile>
    <ClCompile Include="clw\clw\Platform.cpp">
      <Filter>clw</Filter>
    </ClCompile>
    <ClCompile Include="clw\clw\Program.cpp">
      <Filter>clw</Filter>
    </ClCompile>
    <ClCompile Include="clw\clw\Sampler.cpp">
      <Filter>clw</Filter>
    </ClCompile>
    <ClCompile Include="ConfigFile.cpp">
      <Filter>Source Files</Filter>
    </ClCompile>
    <ClCompile Include="MixtureOfGaussianGPU.cpp">
      <Filter>Source Files</Filter>
    </ClCompile>
    <ClCompile Include="GrayscaleGPU.cpp">
      <Filter>Source Files</Filter>
    </ClCompile>
  </ItemGroup>
  <ItemGroup>
    <ClInclude Include="Precompiled.h">
      <Filter>Header Files</Filter>
    </ClInclude>
    <ClInclude Include="QPCTimer.h">
      <Filter>Header Files</Filter>
    </ClInclude>
    <ClInclude Include="MixtureOfGaussianCPU.h">
      <Filter>Header Files</Filter>
    </ClInclude>
    <ClInclude Include="clw\clw\Buffer.h">
      <Filter>clw</Filter>
    </ClInclude>
    <ClInclude Include="clw\clw\clw.h">
      <Filter>clw</Filter>
    </ClInclude>
    <ClInclude Include="clw\clw\CommandQueue.h">
      <Filter>clw</Filter>
    </ClInclude>
    <ClInclude Include="clw\clw\Context.h">
      <Filter>clw</Filter>
    </ClInclude>
    <ClInclude Include="clw\clw\Device.h">
      <Filter>clw</Filter>
    </ClInclude>
    <ClInclude Include="clw\clw\Event.h">
      <Filter>clw</Filter>
    </ClInclude>
    <ClInclude Include="clw\clw\Image.h">
      <Filter>clw</Filter>
    </ClInclude>
    <ClInclude Include="clw\clw\Kernel.h">
      <Filter>clw</Filter>
    </ClInclude>
    <ClInclude Include="clw\clw\MemoryObject.h">
      <Filter>clw</Filter>
    </ClInclude>
    <ClInclude Include="clw\clw\NDRange.h">
      <Filter>clw</Filter>
    </ClInclude>
    <ClInclude Include="clw\clw\Platform.h">
      <Filter>clw</Filter>
    </ClInclude>
    <ClInclude Include="clw\clw\Prerequisites.h">
      <Filter>clw</Filter>
    </ClInclude>
    <ClInclude Include="clw\clw\Program.h">
      <Filter>clw</Filter>
    </ClInclude>
    <ClInclude Include="clw\clw\Sampler.h">
      <Filter>clw</Filter>
    </ClInclude>
    <ClInclude Include="clw\clw\StlUtils.h">
      <Filter>clw</Filter>
    </ClInclude>
    <ClInclude Include="ConfigFile.h">
      <Filter>Header Files</Filter>
    </ClInclude>
    <ClInclude Include="MixtureOfGaussianGPU.h">
      <Filter>Header Files</Filter>
    </ClInclude>
    <ClInclude Include="GrayscaleGPU.h">
      <Filter>Header Files</Filter>
    </ClInclude>
  </ItemGroup>
  <ItemGroup>
    <None Include="mixture-of-gaussian.cl">
      <Filter>Other files</Filter>
    </None>
    <None Include="mixture-of-gaussian.cfg">
      <Filter>Other files</Filter>
    </None>
    <None Include="color-conversion.cl">
      <Filter>Other files</Filter>
    </None>
  </ItemGroup>
</Project>