<?xml version="1.0" encoding="utf-8"?>
<Project ToolsVersion="4.0" xmlns="http://schemas.microsoft.com/developer/msbuild/2003">
  <ItemGroup>
    <Filter Include="Source Files">
      <UniqueIdentifier>{4FC737F1-C7A5-4376-A066-2A32D752A2FF}</UniqueIdentifier>
      <Extensions>cpp;c;cc;cxx;def;odl;idl;hpj;bat;asm;asmx</Extensions>
    </Filter>
    <Filter Include="Header Files">
      <UniqueIdentifier>{93995380-89BD-4b04-88EB-625FBE52EBFB}</UniqueIdentifier>
      <Extensions>h;hpp;hxx;hm;inl;inc;xsd</Extensions>
    </Filter>
    <Filter Include="OpenCL Wrangler">
      <UniqueIdentifier>{67DA6AB6-F800-4c08-8B7A-83BB121AAD01}</UniqueIdentifier>
      <Extensions>rc;ico;cur;bmp;dlg;rc2;rct;bin;rgs;gif;jpg;jpeg;jpe;resx;tiff;tif;png;wav;mfcribbon-ms</Extensions>
    </Filter>
  </ItemGroup>
  <ItemGroup>
    <ClCompile Include="main.cpp">
      <Filter>Source Files</Filter>
    </ClCompile>
    <ClCompile Include="Precompiled.cpp">
      <Filter>Source Files</Filter>
    </ClCompile>
    <ClCompile Include="QPCTimer.cpp">
      <Filter>Source Files</Filter>
    </ClCompile>
    <ClCompile Include="MixtureOfGaussianCPU.cpp">
      <Filter>Source Files</Filter>
    </ClCompile>
    <ClCompile Include="clw\Platform.cpp">
      <Filter>OpenCL Wrangler</Filter>
    </ClCompile>
    <ClCompile Include="clw\Device.cpp">
      <Filter>OpenCL Wrangler</Filter>
    </ClCompile>
    <ClCompile Include="clw\Context.cpp">
      <Filter>OpenCL Wrangler</Filter>
    </ClCompile>
    <ClCompile Include="clw\CommandQueue.cpp">
      <Filter>OpenCL Wrangler</Filter>
    </ClCompile>
    <ClCompile Include="clw\Program.cpp">
      <Filter>OpenCL Wrangler</Filter>
    </ClCompile>
    <ClCompile Include="clw\Kernel.cpp">
      <Filter>OpenCL Wrangler</Filter>
    </ClCompile>
    <ClCompile Include="clw\MemoryObject.cpp">
      <Filter>OpenCL Wrangler</Filter>
    </ClCompile>
    <ClCompile Include="clw\Buffer.cpp">
      <Filter>OpenCL Wrangler</Filter>
    </ClCompile>
    <ClCompile Include="clw\Image.cpp">
      <Filter>OpenCL Wrangler</Filter>
    </ClCompile>
    <ClCompile Include="clw\details.cpp">
      <Filter>OpenCL Wrangler</Filter>
    </ClCompile>
  </ItemGroup>
  <ItemGroup>
    <ClInclude Include="Precompiled.h">
      <Filter>Header Files</Filter>
    </ClInclude>
    <ClInclude Include="QPCTimer.h">
      <Filter>Header Files</Filter>
    </ClInclude>
    <ClInclude Include="MixtureOfGaussianCPU.h">
      <Filter>Header Files</Filter>
    </ClInclude>
    <ClInclude Include="clw\Platform.h">
      <Filter>OpenCL Wrangler</Filter>
    </ClInclude>
    <ClInclude Include="clw\Prerequisites.h">
      <Filter>OpenCL Wrangler</Filter>
    </ClInclude>
    <ClInclude Include="clw\Device.h">
      <Filter>OpenCL Wrangler</Filter>
    </ClInclude>
    <ClInclude Include="clw\StlUtils.h">
      <Filter>OpenCL Wrangler</Filter>
    </ClInclude>
    <ClInclude Include="clw\Context.h">
      <Filter>OpenCL Wrangler</Filter>
    </ClInclude>
    <ClInclude Include="clw\CommandQueue.h">
      <Filter>OpenCL Wrangler</Filter>
    </ClInclude>
    <ClInclude Include="clw\Program.h">
      <Filter>OpenCL Wrangler</Filter>
    </ClInclude>
    <ClInclude Include="clw\Kernel.h">
      <Filter>OpenCL Wrangler</Filter>
    </ClInclude>
    <ClInclude Include="clw\clw.h">
      <Filter>OpenCL Wrangler</Filter>
    </ClInclude>
    <ClInclude Include="clw\MemoryObject.h">
      <Filter>OpenCL Wrangler</Filter>
    </ClInclude>
    <ClInclude Include="clw\Buffer.h">
      <Filter>OpenCL Wrangler</Filter>
    </ClInclude>
    <ClInclude Include="clw\Image.h">
      <Filter>OpenCL Wrangler</Filter>
    </ClInclude>
  </ItemGroup>
</Project>